// !$*UTF8*$!
{
	archiveVersion = 1;
	classes = {
	};
	objectVersion = 52;
	objects = {

/* Begin PBXBuildFile section */
		63425BE825A282BA0002592A /* SwiftUICharts in Frameworks */ = {isa = PBXBuildFile; productRef = 63425BE725A282BA0002592A /* SwiftUICharts */; };
		634E0B1A25AB551C003A719A /* ProvinceContentView.swift in Sources */ = {isa = PBXBuildFile; fileRef = 634E0B1925AB551C003A719A /* ProvinceContentView.swift */; };
		634E0B1B25AB551C003A719A /* ProvinceContentView.swift in Sources */ = {isa = PBXBuildFile; fileRef = 634E0B1925AB551C003A719A /* ProvinceContentView.swift */; };
		634E0B2925AB5A70003A719A /* AppNavigationView.swift in Sources */ = {isa = PBXBuildFile; fileRef = 634E0B2825AB5A70003A719A /* AppNavigationView.swift */; };
		634E0B2A25AB5A70003A719A /* AppNavigationView.swift in Sources */ = {isa = PBXBuildFile; fileRef = 634E0B2825AB5A70003A719A /* AppNavigationView.swift */; };
		634E0B3825AB6E30003A719A /* NavigationRow.swift in Sources */ = {isa = PBXBuildFile; fileRef = 634E0B3725AB6E30003A719A /* NavigationRow.swift */; };
		634E0B3925AB6E30003A719A /* NavigationRow.swift in Sources */ = {isa = PBXBuildFile; fileRef = 634E0B3725AB6E30003A719A /* NavigationRow.swift */; };
		634E0B3F25AB9095003A719A /* CountrySummary.swift in Sources */ = {isa = PBXBuildFile; fileRef = 634E0B3E25AB9095003A719A /* CountrySummary.swift */; };
		634E0B4025AB9095003A719A /* CountrySummary.swift in Sources */ = {isa = PBXBuildFile; fileRef = 634E0B3E25AB9095003A719A /* CountrySummary.swift */; };
		634E0B4625ABBBC2003A719A /* CountryView.swift in Sources */ = {isa = PBXBuildFile; fileRef = 634E0B4525ABBBC2003A719A /* CountryView.swift */; };
		634E0B4725ABBBC2003A719A /* CountryView.swift in Sources */ = {isa = PBXBuildFile; fileRef = 634E0B4525ABBBC2003A719A /* CountryView.swift */; };
		634E0B4D25ABBC34003A719A /* CountryDescriptionView.swift in Sources */ = {isa = PBXBuildFile; fileRef = 634E0B4C25ABBC34003A719A /* CountryDescriptionView.swift */; };
		634E0B4E25ABBC34003A719A /* CountryDescriptionView.swift in Sources */ = {isa = PBXBuildFile; fileRef = 634E0B4C25ABBC34003A719A /* CountryDescriptionView.swift */; };
		634E0B5425ABBCD5003A719A /* CountryContentView.swift in Sources */ = {isa = PBXBuildFile; fileRef = 634E0B5325ABBCD5003A719A /* CountryContentView.swift */; };
		634E0B5525ABBCD5003A719A /* CountryContentView.swift in Sources */ = {isa = PBXBuildFile; fileRef = 634E0B5325ABBCD5003A719A /* CountryContentView.swift */; };
		635650A725ABDCE000E346A8 /* RegionSummary.swift in Sources */ = {isa = PBXBuildFile; fileRef = 635650A625ABDCE000E346A8 /* RegionSummary.swift */; };
		635650A825ABDCE000E346A8 /* RegionSummary.swift in Sources */ = {isa = PBXBuildFile; fileRef = 635650A625ABDCE000E346A8 /* RegionSummary.swift */; };
		635650AE25ABE02200E346A8 /* RegionDescriptionView.swift in Sources */ = {isa = PBXBuildFile; fileRef = 635650AD25ABE02200E346A8 /* RegionDescriptionView.swift */; };
		635650AF25ABE02200E346A8 /* RegionDescriptionView.swift in Sources */ = {isa = PBXBuildFile; fileRef = 635650AD25ABE02200E346A8 /* RegionDescriptionView.swift */; };
		635650B525ABE06100E346A8 /* RegionContentView.swift in Sources */ = {isa = PBXBuildFile; fileRef = 635650B425ABE06100E346A8 /* RegionContentView.swift */; };
		635650B625ABE06100E346A8 /* RegionContentView.swift in Sources */ = {isa = PBXBuildFile; fileRef = 635650B425ABE06100E346A8 /* RegionContentView.swift */; };
		635650BC25ABE0AE00E346A8 /* RegionView.swift in Sources */ = {isa = PBXBuildFile; fileRef = 635650BB25ABE0AE00E346A8 /* RegionView.swift */; };
		635650BD25ABE0AE00E346A8 /* RegionView.swift in Sources */ = {isa = PBXBuildFile; fileRef = 635650BB25ABE0AE00E346A8 /* RegionView.swift */; };
		63E4B27A25A1223A0077CA3F /* Tests_iOS.swift in Sources */ = {isa = PBXBuildFile; fileRef = 63E4B27925A1223A0077CA3F /* Tests_iOS.swift */; };
		63E4B28525A1223A0077CA3F /* Tests_macOS.swift in Sources */ = {isa = PBXBuildFile; fileRef = 63E4B28425A1223A0077CA3F /* Tests_macOS.swift */; };
		63E4B28725A1223A0077CA3F /* COVID_Data_OntarioApp.swift in Sources */ = {isa = PBXBuildFile; fileRef = 63E4B25E25A1222C0077CA3F /* COVID_Data_OntarioApp.swift */; };
		63E4B28825A1223A0077CA3F /* COVID_Data_OntarioApp.swift in Sources */ = {isa = PBXBuildFile; fileRef = 63E4B25E25A1222C0077CA3F /* COVID_Data_OntarioApp.swift */; };
		63E4B28925A1223A0077CA3F /* ProvinceView.swift in Sources */ = {isa = PBXBuildFile; fileRef = 63E4B25F25A1222C0077CA3F /* ProvinceView.swift */; };
		63E4B28A25A1223A0077CA3F /* ProvinceView.swift in Sources */ = {isa = PBXBuildFile; fileRef = 63E4B25F25A1222C0077CA3F /* ProvinceView.swift */; };
		63E4B28B25A1223A0077CA3F /* Assets.xcassets in Resources */ = {isa = PBXBuildFile; fileRef = 63E4B26025A122390077CA3F /* Assets.xcassets */; };
		63E4B28C25A1223A0077CA3F /* Assets.xcassets in Resources */ = {isa = PBXBuildFile; fileRef = 63E4B26025A122390077CA3F /* Assets.xcassets */; };
		63E4B2A025A1224F0077CA3F /* Summary.swift in Sources */ = {isa = PBXBuildFile; fileRef = 63E4B29F25A1224F0077CA3F /* Summary.swift */; };
		63E4B2A125A1224F0077CA3F /* Summary.swift in Sources */ = {isa = PBXBuildFile; fileRef = 63E4B29F25A1224F0077CA3F /* Summary.swift */; };
		63E4B2AC25A12A780077CA3F /* SwiftCSV in Frameworks */ = {isa = PBXBuildFile; productRef = 63E4B2AB25A12A780077CA3F /* SwiftCSV */; };
		63E4B2B325A134040077CA3F /* SwiftCSV in Frameworks */ = {isa = PBXBuildFile; productRef = 63E4B2B225A134040077CA3F /* SwiftCSV */; };
		63F3DD9125A23B380076CCE3 /* DescriptionView.swift in Sources */ = {isa = PBXBuildFile; fileRef = 63F3DD9025A23B380076CCE3 /* DescriptionView.swift */; };
		63F3DD9225A23B380076CCE3 /* DescriptionView.swift in Sources */ = {isa = PBXBuildFile; fileRef = 63F3DD9025A23B380076CCE3 /* DescriptionView.swift */; };
/* End PBXBuildFile section */

/* Begin PBXContainerItemProxy section */
		63E4B27625A1223A0077CA3F /* PBXContainerItemProxy */ = {
			isa = PBXContainerItemProxy;
			containerPortal = 63E4B25925A1222B0077CA3F /* Project object */;
			proxyType = 1;
			remoteGlobalIDString = 63E4B26425A1223A0077CA3F;
			remoteInfo = "COVID Data Ontario (iOS)";
		};
		63E4B28125A1223A0077CA3F /* PBXContainerItemProxy */ = {
			isa = PBXContainerItemProxy;
			containerPortal = 63E4B25925A1222B0077CA3F /* Project object */;
			proxyType = 1;
			remoteGlobalIDString = 63E4B26C25A1223A0077CA3F;
			remoteInfo = "COVID Data Ontario (macOS)";
		};
/* End PBXContainerItemProxy section */

/* Begin PBXFileReference section */
		634E0B1925AB551C003A719A /* ProvinceContentView.swift */ = {isa = PBXFileReference; lastKnownFileType = sourcecode.swift; path = ProvinceContentView.swift; sourceTree = "<group>"; };
		634E0B2825AB5A70003A719A /* AppNavigationView.swift */ = {isa = PBXFileReference; lastKnownFileType = sourcecode.swift; path = AppNavigationView.swift; sourceTree = "<group>"; };
		634E0B3725AB6E30003A719A /* NavigationRow.swift */ = {isa = PBXFileReference; lastKnownFileType = sourcecode.swift; path = NavigationRow.swift; sourceTree = "<group>"; };
		634E0B3E25AB9095003A719A /* CountrySummary.swift */ = {isa = PBXFileReference; lastKnownFileType = sourcecode.swift; path = CountrySummary.swift; sourceTree = "<group>"; };
		634E0B4525ABBBC2003A719A /* CountryView.swift */ = {isa = PBXFileReference; lastKnownFileType = sourcecode.swift; path = CountryView.swift; sourceTree = "<group>"; };
		634E0B4C25ABBC34003A719A /* CountryDescriptionView.swift */ = {isa = PBXFileReference; lastKnownFileType = sourcecode.swift; path = CountryDescriptionView.swift; sourceTree = "<group>"; };
		634E0B5325ABBCD5003A719A /* CountryContentView.swift */ = {isa = PBXFileReference; lastKnownFileType = sourcecode.swift; path = CountryContentView.swift; sourceTree = "<group>"; };
		635650A625ABDCE000E346A8 /* RegionSummary.swift */ = {isa = PBXFileReference; lastKnownFileType = sourcecode.swift; path = RegionSummary.swift; sourceTree = "<group>"; };
		635650AD25ABE02200E346A8 /* RegionDescriptionView.swift */ = {isa = PBXFileReference; lastKnownFileType = sourcecode.swift; path = RegionDescriptionView.swift; sourceTree = "<group>"; };
		635650B425ABE06100E346A8 /* RegionContentView.swift */ = {isa = PBXFileReference; lastKnownFileType = sourcecode.swift; path = RegionContentView.swift; sourceTree = "<group>"; };
		635650BB25ABE0AE00E346A8 /* RegionView.swift */ = {isa = PBXFileReference; lastKnownFileType = sourcecode.swift; path = RegionView.swift; sourceTree = "<group>"; };
		63E4B25E25A1222C0077CA3F /* COVID_Data_OntarioApp.swift */ = {isa = PBXFileReference; lastKnownFileType = sourcecode.swift; path = COVID_Data_OntarioApp.swift; sourceTree = "<group>"; };
		63E4B25F25A1222C0077CA3F /* ProvinceView.swift */ = {isa = PBXFileReference; lastKnownFileType = sourcecode.swift; path = ProvinceView.swift; sourceTree = "<group>"; };
		63E4B26025A122390077CA3F /* Assets.xcassets */ = {isa = PBXFileReference; lastKnownFileType = folder.assetcatalog; path = Assets.xcassets; sourceTree = "<group>"; };
		63E4B26525A1223A0077CA3F /* Ontario COVID-19 Data.app */ = {isa = PBXFileReference; explicitFileType = wrapper.application; includeInIndex = 0; path = "Ontario COVID-19 Data.app"; sourceTree = BUILT_PRODUCTS_DIR; };
		63E4B26825A1223A0077CA3F /* Info.plist */ = {isa = PBXFileReference; lastKnownFileType = text.plist.xml; path = Info.plist; sourceTree = "<group>"; };
		63E4B26D25A1223A0077CA3F /* Ontario COVID-19 Data.app */ = {isa = PBXFileReference; explicitFileType = wrapper.application; includeInIndex = 0; path = "Ontario COVID-19 Data.app"; sourceTree = BUILT_PRODUCTS_DIR; };
		63E4B26F25A1223A0077CA3F /* Info.plist */ = {isa = PBXFileReference; lastKnownFileType = text.plist.xml; path = Info.plist; sourceTree = "<group>"; };
		63E4B27025A1223A0077CA3F /* macOS.entitlements */ = {isa = PBXFileReference; lastKnownFileType = text.plist.entitlements; path = macOS.entitlements; sourceTree = "<group>"; };
		63E4B27525A1223A0077CA3F /* Tests iOS.xctest */ = {isa = PBXFileReference; explicitFileType = wrapper.cfbundle; includeInIndex = 0; path = "Tests iOS.xctest"; sourceTree = BUILT_PRODUCTS_DIR; };
		63E4B27925A1223A0077CA3F /* Tests_iOS.swift */ = {isa = PBXFileReference; lastKnownFileType = sourcecode.swift; path = Tests_iOS.swift; sourceTree = "<group>"; };
		63E4B27B25A1223A0077CA3F /* Info.plist */ = {isa = PBXFileReference; lastKnownFileType = text.plist.xml; path = Info.plist; sourceTree = "<group>"; };
		63E4B28025A1223A0077CA3F /* Tests macOS.xctest */ = {isa = PBXFileReference; explicitFileType = wrapper.cfbundle; includeInIndex = 0; path = "Tests macOS.xctest"; sourceTree = BUILT_PRODUCTS_DIR; };
		63E4B28425A1223A0077CA3F /* Tests_macOS.swift */ = {isa = PBXFileReference; lastKnownFileType = sourcecode.swift; path = Tests_macOS.swift; sourceTree = "<group>"; };
		63E4B28625A1223A0077CA3F /* Info.plist */ = {isa = PBXFileReference; lastKnownFileType = text.plist.xml; path = Info.plist; sourceTree = "<group>"; };
		63E4B29F25A1224F0077CA3F /* Summary.swift */ = {isa = PBXFileReference; lastKnownFileType = sourcecode.swift; path = Summary.swift; sourceTree = "<group>"; };
		63F3DD9025A23B380076CCE3 /* DescriptionView.swift */ = {isa = PBXFileReference; lastKnownFileType = sourcecode.swift; path = DescriptionView.swift; sourceTree = "<group>"; };
		63F3DD9F25A24B170076CCE3 /* Ontario COVID-19 Data.entitlements */ = {isa = PBXFileReference; lastKnownFileType = text.plist.entitlements; path = "Ontario COVID-19 Data.entitlements"; sourceTree = "<group>"; };
/* End PBXFileReference section */

/* Begin PBXFrameworksBuildPhase section */
		63E4B26225A1223A0077CA3F /* Frameworks */ = {
			isa = PBXFrameworksBuildPhase;
			buildActionMask = 2147483647;
			files = (
				63E4B2AC25A12A780077CA3F /* SwiftCSV in Frameworks */,
				63425BE825A282BA0002592A /* SwiftUICharts in Frameworks */,
			);
			runOnlyForDeploymentPostprocessing = 0;
		};
		63E4B26A25A1223A0077CA3F /* Frameworks */ = {
			isa = PBXFrameworksBuildPhase;
			buildActionMask = 2147483647;
			files = (
				63E4B2B325A134040077CA3F /* SwiftCSV in Frameworks */,
			);
			runOnlyForDeploymentPostprocessing = 0;
		};
		63E4B27225A1223A0077CA3F /* Frameworks */ = {
			isa = PBXFrameworksBuildPhase;
			buildActionMask = 2147483647;
			files = (
			);
			runOnlyForDeploymentPostprocessing = 0;
		};
		63E4B27D25A1223A0077CA3F /* Frameworks */ = {
			isa = PBXFrameworksBuildPhase;
			buildActionMask = 2147483647;
			files = (
			);
			runOnlyForDeploymentPostprocessing = 0;
		};
/* End PBXFrameworksBuildPhase section */

/* Begin PBXGroup section */
		63E4B25825A1222B0077CA3F = {
			isa = PBXGroup;
			children = (
				63F3DD9F25A24B170076CCE3 /* Ontario COVID-19 Data.entitlements */,
				63E4B25D25A1222C0077CA3F /* Shared */,
				63E4B26725A1223A0077CA3F /* iOS */,
				63E4B26E25A1223A0077CA3F /* macOS */,
				63E4B27825A1223A0077CA3F /* Tests iOS */,
				63E4B28325A1223A0077CA3F /* Tests macOS */,
				63E4B26625A1223A0077CA3F /* Products */,
				63E4B2B125A134040077CA3F /* Frameworks */,
			);
			sourceTree = "<group>";
		};
		63E4B25D25A1222C0077CA3F /* Shared */ = {
			isa = PBXGroup;
			children = (
				634E0B2825AB5A70003A719A /* AppNavigationView.swift */,
				634E0B3725AB6E30003A719A /* NavigationRow.swift */,
				63E4B25E25A1222C0077CA3F /* COVID_Data_OntarioApp.swift */,
				63E4B25F25A1222C0077CA3F /* ProvinceView.swift */,
				635650BB25ABE0AE00E346A8 /* RegionView.swift */,
				634E0B4525ABBBC2003A719A /* CountryView.swift */,
				634E0B4C25ABBC34003A719A /* CountryDescriptionView.swift */,
				635650AD25ABE02200E346A8 /* RegionDescriptionView.swift */,
				63F3DD9025A23B380076CCE3 /* DescriptionView.swift */,
				634E0B1925AB551C003A719A /* ProvinceContentView.swift */,
				635650B425ABE06100E346A8 /* RegionContentView.swift */,
				634E0B5325ABBCD5003A719A /* CountryContentView.swift */,
				63E4B29F25A1224F0077CA3F /* Summary.swift */,
				634E0B3E25AB9095003A719A /* CountrySummary.swift */,
				635650A625ABDCE000E346A8 /* RegionSummary.swift */,
				63E4B26025A122390077CA3F /* Assets.xcassets */,
			);
			path = Shared;
			sourceTree = "<group>";
		};
		63E4B26625A1223A0077CA3F /* Products */ = {
			isa = PBXGroup;
			children = (
				63E4B26525A1223A0077CA3F /* Ontario COVID-19 Data.app */,
				63E4B26D25A1223A0077CA3F /* Ontario COVID-19 Data.app */,
				63E4B27525A1223A0077CA3F /* Tests iOS.xctest */,
				63E4B28025A1223A0077CA3F /* Tests macOS.xctest */,
			);
			name = Products;
			sourceTree = "<group>";
		};
		63E4B26725A1223A0077CA3F /* iOS */ = {
			isa = PBXGroup;
			children = (
				63E4B26825A1223A0077CA3F /* Info.plist */,
			);
			path = iOS;
			sourceTree = "<group>";
		};
		63E4B26E25A1223A0077CA3F /* macOS */ = {
			isa = PBXGroup;
			children = (
				63E4B26F25A1223A0077CA3F /* Info.plist */,
				63E4B27025A1223A0077CA3F /* macOS.entitlements */,
			);
			path = macOS;
			sourceTree = "<group>";
		};
		63E4B27825A1223A0077CA3F /* Tests iOS */ = {
			isa = PBXGroup;
			children = (
				63E4B27925A1223A0077CA3F /* Tests_iOS.swift */,
				63E4B27B25A1223A0077CA3F /* Info.plist */,
			);
			path = "Tests iOS";
			sourceTree = "<group>";
		};
		63E4B28325A1223A0077CA3F /* Tests macOS */ = {
			isa = PBXGroup;
			children = (
				63E4B28425A1223A0077CA3F /* Tests_macOS.swift */,
				63E4B28625A1223A0077CA3F /* Info.plist */,
			);
			path = "Tests macOS";
			sourceTree = "<group>";
		};
		63E4B2B125A134040077CA3F /* Frameworks */ = {
			isa = PBXGroup;
			children = (
			);
			name = Frameworks;
			sourceTree = "<group>";
		};
/* End PBXGroup section */

/* Begin PBXNativeTarget section */
		63E4B26425A1223A0077CA3F /* Ontario COVID-19 Data (iOS) */ = {
			isa = PBXNativeTarget;
			buildConfigurationList = 63E4B28F25A1223A0077CA3F /* Build configuration list for PBXNativeTarget "Ontario COVID-19 Data (iOS)" */;
			buildPhases = (
				63E4B26125A1223A0077CA3F /* Sources */,
				63E4B26225A1223A0077CA3F /* Frameworks */,
				63E4B26325A1223A0077CA3F /* Resources */,
			);
			buildRules = (
			);
			dependencies = (
			);
			name = "Ontario COVID-19 Data (iOS)";
			packageProductDependencies = (
				63E4B2AB25A12A780077CA3F /* SwiftCSV */,
				63425BE725A282BA0002592A /* SwiftUICharts */,
			);
			productName = "COVID Data Ontario (iOS)";
			productReference = 63E4B26525A1223A0077CA3F /* Ontario COVID-19 Data.app */;
			productType = "com.apple.product-type.application";
		};
		63E4B26C25A1223A0077CA3F /* Ontario COVID-19 Data (macOS) */ = {
			isa = PBXNativeTarget;
			buildConfigurationList = 63E4B29225A1223A0077CA3F /* Build configuration list for PBXNativeTarget "Ontario COVID-19 Data (macOS)" */;
			buildPhases = (
				63E4B26925A1223A0077CA3F /* Sources */,
				63E4B26A25A1223A0077CA3F /* Frameworks */,
				63E4B26B25A1223A0077CA3F /* Resources */,
			);
			buildRules = (
			);
			dependencies = (
			);
			name = "Ontario COVID-19 Data (macOS)";
			packageProductDependencies = (
				63E4B2B225A134040077CA3F /* SwiftCSV */,
			);
			productName = "COVID Data Ontario (macOS)";
			productReference = 63E4B26D25A1223A0077CA3F /* Ontario COVID-19 Data.app */;
			productType = "com.apple.product-type.application";
		};
		63E4B27425A1223A0077CA3F /* Tests iOS */ = {
			isa = PBXNativeTarget;
			buildConfigurationList = 63E4B29525A1223A0077CA3F /* Build configuration list for PBXNativeTarget "Tests iOS" */;
			buildPhases = (
				63E4B27125A1223A0077CA3F /* Sources */,
				63E4B27225A1223A0077CA3F /* Frameworks */,
				63E4B27325A1223A0077CA3F /* Resources */,
			);
			buildRules = (
			);
			dependencies = (
				63E4B27725A1223A0077CA3F /* PBXTargetDependency */,
			);
			name = "Tests iOS";
			productName = "Tests iOS";
			productReference = 63E4B27525A1223A0077CA3F /* Tests iOS.xctest */;
			productType = "com.apple.product-type.bundle.ui-testing";
		};
		63E4B27F25A1223A0077CA3F /* Tests macOS */ = {
			isa = PBXNativeTarget;
			buildConfigurationList = 63E4B29825A1223A0077CA3F /* Build configuration list for PBXNativeTarget "Tests macOS" */;
			buildPhases = (
				63E4B27C25A1223A0077CA3F /* Sources */,
				63E4B27D25A1223A0077CA3F /* Frameworks */,
				63E4B27E25A1223A0077CA3F /* Resources */,
			);
			buildRules = (
			);
			dependencies = (
				63E4B28225A1223A0077CA3F /* PBXTargetDependency */,
			);
			name = "Tests macOS";
			productName = "Tests macOS";
			productReference = 63E4B28025A1223A0077CA3F /* Tests macOS.xctest */;
			productType = "com.apple.product-type.bundle.ui-testing";
		};
/* End PBXNativeTarget section */

/* Begin PBXProject section */
		63E4B25925A1222B0077CA3F /* Project object */ = {
			isa = PBXProject;
			attributes = {
				LastSwiftUpdateCheck = 1230;
				LastUpgradeCheck = 1230;
				TargetAttributes = {
					63E4B26425A1223A0077CA3F = {
						CreatedOnToolsVersion = 12.3;
					};
					63E4B26C25A1223A0077CA3F = {
						CreatedOnToolsVersion = 12.3;
					};
					63E4B27425A1223A0077CA3F = {
						CreatedOnToolsVersion = 12.3;
						TestTargetID = 63E4B26425A1223A0077CA3F;
					};
					63E4B27F25A1223A0077CA3F = {
						CreatedOnToolsVersion = 12.3;
						TestTargetID = 63E4B26C25A1223A0077CA3F;
					};
				};
			};
			buildConfigurationList = 63E4B25C25A1222B0077CA3F /* Build configuration list for PBXProject "Ontario COVID-19 Data" */;
			compatibilityVersion = "Xcode 9.3";
			developmentRegion = en;
			hasScannedForEncodings = 0;
			knownRegions = (
				en,
				Base,
			);
			mainGroup = 63E4B25825A1222B0077CA3F;
			packageReferences = (
				63E4B2AA25A12A780077CA3F /* XCRemoteSwiftPackageReference "SwiftCSV" */,
				63425BE625A282BA0002592A /* XCRemoteSwiftPackageReference "ChartView" */,
			);
			productRefGroup = 63E4B26625A1223A0077CA3F /* Products */;
			projectDirPath = "";
			projectRoot = "";
			targets = (
				63E4B26425A1223A0077CA3F /* Ontario COVID-19 Data (iOS) */,
				63E4B26C25A1223A0077CA3F /* Ontario COVID-19 Data (macOS) */,
				63E4B27425A1223A0077CA3F /* Tests iOS */,
				63E4B27F25A1223A0077CA3F /* Tests macOS */,
			);
		};
/* End PBXProject section */

/* Begin PBXResourcesBuildPhase section */
		63E4B26325A1223A0077CA3F /* Resources */ = {
			isa = PBXResourcesBuildPhase;
			buildActionMask = 2147483647;
			files = (
				63E4B28B25A1223A0077CA3F /* Assets.xcassets in Resources */,
			);
			runOnlyForDeploymentPostprocessing = 0;
		};
		63E4B26B25A1223A0077CA3F /* Resources */ = {
			isa = PBXResourcesBuildPhase;
			buildActionMask = 2147483647;
			files = (
				63E4B28C25A1223A0077CA3F /* Assets.xcassets in Resources */,
			);
			runOnlyForDeploymentPostprocessing = 0;
		};
		63E4B27325A1223A0077CA3F /* Resources */ = {
			isa = PBXResourcesBuildPhase;
			buildActionMask = 2147483647;
			files = (
			);
			runOnlyForDeploymentPostprocessing = 0;
		};
		63E4B27E25A1223A0077CA3F /* Resources */ = {
			isa = PBXResourcesBuildPhase;
			buildActionMask = 2147483647;
			files = (
			);
			runOnlyForDeploymentPostprocessing = 0;
		};
/* End PBXResourcesBuildPhase section */

/* Begin PBXSourcesBuildPhase section */
		63E4B26125A1223A0077CA3F /* Sources */ = {
			isa = PBXSourcesBuildPhase;
			buildActionMask = 2147483647;
			files = (
				635650A725ABDCE000E346A8 /* RegionSummary.swift in Sources */,
				63E4B28925A1223A0077CA3F /* ProvinceView.swift in Sources */,
				634E0B3F25AB9095003A719A /* CountrySummary.swift in Sources */,
				635650AE25ABE02200E346A8 /* RegionDescriptionView.swift in Sources */,
				635650B525ABE06100E346A8 /* RegionContentView.swift in Sources */,
				634E0B3825AB6E30003A719A /* NavigationRow.swift in Sources */,
				634E0B4625ABBBC2003A719A /* CountryView.swift in Sources */,
				63E4B2A025A1224F0077CA3F /* Summary.swift in Sources */,
				63E4B28725A1223A0077CA3F /* COVID_Data_OntarioApp.swift in Sources */,
				634E0B1A25AB551C003A719A /* ProvinceContentView.swift in Sources */,
				634E0B5425ABBCD5003A719A /* CountryContentView.swift in Sources */,
				634E0B2925AB5A70003A719A /* AppNavigationView.swift in Sources */,
				635650BC25ABE0AE00E346A8 /* RegionView.swift in Sources */,
				634E0B4D25ABBC34003A719A /* CountryDescriptionView.swift in Sources */,
				63F3DD9125A23B380076CCE3 /* DescriptionView.swift in Sources */,
			);
			runOnlyForDeploymentPostprocessing = 0;
		};
		63E4B26925A1223A0077CA3F /* Sources */ = {
			isa = PBXSourcesBuildPhase;
			buildActionMask = 2147483647;
			files = (
				635650A825ABDCE000E346A8 /* RegionSummary.swift in Sources */,
				63E4B28A25A1223A0077CA3F /* ProvinceView.swift in Sources */,
				634E0B4025AB9095003A719A /* CountrySummary.swift in Sources */,
				635650AF25ABE02200E346A8 /* RegionDescriptionView.swift in Sources */,
				635650B625ABE06100E346A8 /* RegionContentView.swift in Sources */,
				634E0B3925AB6E30003A719A /* NavigationRow.swift in Sources */,
				634E0B4725ABBBC2003A719A /* CountryView.swift in Sources */,
				63E4B2A125A1224F0077CA3F /* Summary.swift in Sources */,
				63E4B28825A1223A0077CA3F /* COVID_Data_OntarioApp.swift in Sources */,
				634E0B1B25AB551C003A719A /* ProvinceContentView.swift in Sources */,
				634E0B5525ABBCD5003A719A /* CountryContentView.swift in Sources */,
				634E0B2A25AB5A70003A719A /* AppNavigationView.swift in Sources */,
				635650BD25ABE0AE00E346A8 /* RegionView.swift in Sources */,
				634E0B4E25ABBC34003A719A /* CountryDescriptionView.swift in Sources */,
				63F3DD9225A23B380076CCE3 /* DescriptionView.swift in Sources */,
			);
			runOnlyForDeploymentPostprocessing = 0;
		};
		63E4B27125A1223A0077CA3F /* Sources */ = {
			isa = PBXSourcesBuildPhase;
			buildActionMask = 2147483647;
			files = (
				63E4B27A25A1223A0077CA3F /* Tests_iOS.swift in Sources */,
			);
			runOnlyForDeploymentPostprocessing = 0;
		};
		63E4B27C25A1223A0077CA3F /* Sources */ = {
			isa = PBXSourcesBuildPhase;
			buildActionMask = 2147483647;
			files = (
				63E4B28525A1223A0077CA3F /* Tests_macOS.swift in Sources */,
			);
			runOnlyForDeploymentPostprocessing = 0;
		};
/* End PBXSourcesBuildPhase section */

/* Begin PBXTargetDependency section */
		63E4B27725A1223A0077CA3F /* PBXTargetDependency */ = {
			isa = PBXTargetDependency;
			target = 63E4B26425A1223A0077CA3F /* Ontario COVID-19 Data (iOS) */;
			targetProxy = 63E4B27625A1223A0077CA3F /* PBXContainerItemProxy */;
		};
		63E4B28225A1223A0077CA3F /* PBXTargetDependency */ = {
			isa = PBXTargetDependency;
			target = 63E4B26C25A1223A0077CA3F /* Ontario COVID-19 Data (macOS) */;
			targetProxy = 63E4B28125A1223A0077CA3F /* PBXContainerItemProxy */;
		};
/* End PBXTargetDependency section */

/* Begin XCBuildConfiguration section */
		63E4B28D25A1223A0077CA3F /* Debug */ = {
			isa = XCBuildConfiguration;
			buildSettings = {
				ALWAYS_SEARCH_USER_PATHS = NO;
				CLANG_ANALYZER_NONNULL = YES;
				CLANG_ANALYZER_NUMBER_OBJECT_CONVERSION = YES_AGGRESSIVE;
				CLANG_CXX_LANGUAGE_STANDARD = "gnu++14";
				CLANG_CXX_LIBRARY = "libc++";
				CLANG_ENABLE_MODULES = YES;
				CLANG_ENABLE_OBJC_ARC = YES;
				CLANG_ENABLE_OBJC_WEAK = YES;
				CLANG_WARN_BLOCK_CAPTURE_AUTORELEASING = YES;
				CLANG_WARN_BOOL_CONVERSION = YES;
				CLANG_WARN_COMMA = YES;
				CLANG_WARN_CONSTANT_CONVERSION = YES;
				CLANG_WARN_DEPRECATED_OBJC_IMPLEMENTATIONS = YES;
				CLANG_WARN_DIRECT_OBJC_ISA_USAGE = YES_ERROR;
				CLANG_WARN_DOCUMENTATION_COMMENTS = YES;
				CLANG_WARN_EMPTY_BODY = YES;
				CLANG_WARN_ENUM_CONVERSION = YES;
				CLANG_WARN_INFINITE_RECURSION = YES;
				CLANG_WARN_INT_CONVERSION = YES;
				CLANG_WARN_NON_LITERAL_NULL_CONVERSION = YES;
				CLANG_WARN_OBJC_IMPLICIT_RETAIN_SELF = YES;
				CLANG_WARN_OBJC_LITERAL_CONVERSION = YES;
				CLANG_WARN_OBJC_ROOT_CLASS = YES_ERROR;
				CLANG_WARN_QUOTED_INCLUDE_IN_FRAMEWORK_HEADER = YES;
				CLANG_WARN_RANGE_LOOP_ANALYSIS = YES;
				CLANG_WARN_STRICT_PROTOTYPES = YES;
				CLANG_WARN_SUSPICIOUS_MOVE = YES;
				CLANG_WARN_UNGUARDED_AVAILABILITY = YES_AGGRESSIVE;
				CLANG_WARN_UNREACHABLE_CODE = YES;
				CLANG_WARN__DUPLICATE_METHOD_MATCH = YES;
				COPY_PHASE_STRIP = NO;
				DEBUG_INFORMATION_FORMAT = dwarf;
				ENABLE_STRICT_OBJC_MSGSEND = YES;
				ENABLE_TESTABILITY = YES;
				GCC_C_LANGUAGE_STANDARD = gnu11;
				GCC_DYNAMIC_NO_PIC = NO;
				GCC_NO_COMMON_BLOCKS = YES;
				GCC_OPTIMIZATION_LEVEL = 0;
				GCC_PREPROCESSOR_DEFINITIONS = (
					"DEBUG=1",
					"$(inherited)",
				);
				GCC_WARN_64_TO_32_BIT_CONVERSION = YES;
				GCC_WARN_ABOUT_RETURN_TYPE = YES_ERROR;
				GCC_WARN_UNDECLARED_SELECTOR = YES;
				GCC_WARN_UNINITIALIZED_AUTOS = YES_AGGRESSIVE;
				GCC_WARN_UNUSED_FUNCTION = YES;
				GCC_WARN_UNUSED_VARIABLE = YES;
				MTL_ENABLE_DEBUG_INFO = INCLUDE_SOURCE;
				MTL_FAST_MATH = YES;
				ONLY_ACTIVE_ARCH = YES;
				SWIFT_ACTIVE_COMPILATION_CONDITIONS = DEBUG;
				SWIFT_OPTIMIZATION_LEVEL = "-Onone";
			};
			name = Debug;
		};
		63E4B28E25A1223A0077CA3F /* Release */ = {
			isa = XCBuildConfiguration;
			buildSettings = {
				ALWAYS_SEARCH_USER_PATHS = NO;
				CLANG_ANALYZER_NONNULL = YES;
				CLANG_ANALYZER_NUMBER_OBJECT_CONVERSION = YES_AGGRESSIVE;
				CLANG_CXX_LANGUAGE_STANDARD = "gnu++14";
				CLANG_CXX_LIBRARY = "libc++";
				CLANG_ENABLE_MODULES = YES;
				CLANG_ENABLE_OBJC_ARC = YES;
				CLANG_ENABLE_OBJC_WEAK = YES;
				CLANG_WARN_BLOCK_CAPTURE_AUTORELEASING = YES;
				CLANG_WARN_BOOL_CONVERSION = YES;
				CLANG_WARN_COMMA = YES;
				CLANG_WARN_CONSTANT_CONVERSION = YES;
				CLANG_WARN_DEPRECATED_OBJC_IMPLEMENTATIONS = YES;
				CLANG_WARN_DIRECT_OBJC_ISA_USAGE = YES_ERROR;
				CLANG_WARN_DOCUMENTATION_COMMENTS = YES;
				CLANG_WARN_EMPTY_BODY = YES;
				CLANG_WARN_ENUM_CONVERSION = YES;
				CLANG_WARN_INFINITE_RECURSION = YES;
				CLANG_WARN_INT_CONVERSION = YES;
				CLANG_WARN_NON_LITERAL_NULL_CONVERSION = YES;
				CLANG_WARN_OBJC_IMPLICIT_RETAIN_SELF = YES;
				CLANG_WARN_OBJC_LITERAL_CONVERSION = YES;
				CLANG_WARN_OBJC_ROOT_CLASS = YES_ERROR;
				CLANG_WARN_QUOTED_INCLUDE_IN_FRAMEWORK_HEADER = YES;
				CLANG_WARN_RANGE_LOOP_ANALYSIS = YES;
				CLANG_WARN_STRICT_PROTOTYPES = YES;
				CLANG_WARN_SUSPICIOUS_MOVE = YES;
				CLANG_WARN_UNGUARDED_AVAILABILITY = YES_AGGRESSIVE;
				CLANG_WARN_UNREACHABLE_CODE = YES;
				CLANG_WARN__DUPLICATE_METHOD_MATCH = YES;
				COPY_PHASE_STRIP = NO;
				DEBUG_INFORMATION_FORMAT = "dwarf-with-dsym";
				ENABLE_NS_ASSERTIONS = NO;
				ENABLE_STRICT_OBJC_MSGSEND = YES;
				GCC_C_LANGUAGE_STANDARD = gnu11;
				GCC_NO_COMMON_BLOCKS = YES;
				GCC_WARN_64_TO_32_BIT_CONVERSION = YES;
				GCC_WARN_ABOUT_RETURN_TYPE = YES_ERROR;
				GCC_WARN_UNDECLARED_SELECTOR = YES;
				GCC_WARN_UNINITIALIZED_AUTOS = YES_AGGRESSIVE;
				GCC_WARN_UNUSED_FUNCTION = YES;
				GCC_WARN_UNUSED_VARIABLE = YES;
				MTL_ENABLE_DEBUG_INFO = NO;
				MTL_FAST_MATH = YES;
				SWIFT_COMPILATION_MODE = wholemodule;
				SWIFT_OPTIMIZATION_LEVEL = "-O";
			};
			name = Release;
		};
		63E4B29025A1223A0077CA3F /* Debug */ = {
			isa = XCBuildConfiguration;
			buildSettings = {
				ASSETCATALOG_COMPILER_APPICON_NAME = AppIcon;
				ASSETCATALOG_COMPILER_GLOBAL_ACCENT_COLOR_NAME = AccentColor;
				CODE_SIGN_ENTITLEMENTS = "Ontario COVID-19 Data.entitlements";
				CODE_SIGN_STYLE = Automatic;
				DEVELOPMENT_TEAM = 9JALHNGRBQ;
				ENABLE_PREVIEWS = YES;
				INFOPLIST_FILE = iOS/Info.plist;
				IPHONEOS_DEPLOYMENT_TARGET = 14.0;
				LD_RUNPATH_SEARCH_PATHS = (
					"$(inherited)",
					"@executable_path/Frameworks",
				);
				PRODUCT_BUNDLE_IDENTIFIER = "org.davidjensenius.COVID-Data-Ontario";
				PRODUCT_NAME = "Ontario COVID-19 Data";
				SDKROOT = iphoneos;
				SUPPORTS_MACCATALYST = YES;
				SWIFT_VERSION = 5.0;
				TARGETED_DEVICE_FAMILY = "1,2";
			};
			name = Debug;
		};
		63E4B29125A1223A0077CA3F /* Release */ = {
			isa = XCBuildConfiguration;
			buildSettings = {
				ASSETCATALOG_COMPILER_APPICON_NAME = AppIcon;
				ASSETCATALOG_COMPILER_GLOBAL_ACCENT_COLOR_NAME = AccentColor;
				CODE_SIGN_ENTITLEMENTS = "Ontario COVID-19 Data.entitlements";
				CODE_SIGN_STYLE = Automatic;
				DEVELOPMENT_TEAM = 9JALHNGRBQ;
				ENABLE_PREVIEWS = YES;
				INFOPLIST_FILE = iOS/Info.plist;
				IPHONEOS_DEPLOYMENT_TARGET = 14.0;
				LD_RUNPATH_SEARCH_PATHS = (
					"$(inherited)",
					"@executable_path/Frameworks",
				);
				PRODUCT_BUNDLE_IDENTIFIER = "org.davidjensenius.COVID-Data-Ontario";
				PRODUCT_NAME = "Ontario COVID-19 Data";
				SDKROOT = iphoneos;
				SUPPORTS_MACCATALYST = YES;
				SWIFT_VERSION = 5.0;
				TARGETED_DEVICE_FAMILY = "1,2";
				VALIDATE_PRODUCT = YES;
			};
			name = Release;
		};
		63E4B29325A1223A0077CA3F /* Debug */ = {
			isa = XCBuildConfiguration;
			buildSettings = {
				ASSETCATALOG_COMPILER_APPICON_NAME = AppIcon;
				ASSETCATALOG_COMPILER_GLOBAL_ACCENT_COLOR_NAME = AccentColor;
				CODE_SIGN_ENTITLEMENTS = macOS/macOS.entitlements;
				CODE_SIGN_STYLE = Automatic;
				COMBINE_HIDPI_IMAGES = YES;
				DEVELOPMENT_TEAM = 9JALHNGRBQ;
				ENABLE_HARDENED_RUNTIME = YES;
				ENABLE_PREVIEWS = YES;
				INFOPLIST_FILE = macOS/Info.plist;
				LD_RUNPATH_SEARCH_PATHS = (
					"$(inherited)",
					"@executable_path/../Frameworks",
				);
				MACOSX_DEPLOYMENT_TARGET = 11.0;
				PRODUCT_BUNDLE_IDENTIFIER = "org.davidjensenius.COVID-Data-Ontario";
				PRODUCT_NAME = "Ontario COVID-19 Data";
				SDKROOT = macosx;
				SWIFT_VERSION = 5.0;
			};
			name = Debug;
		};
		63E4B29425A1223A0077CA3F /* Release */ = {
			isa = XCBuildConfiguration;
			buildSettings = {
				ASSETCATALOG_COMPILER_APPICON_NAME = AppIcon;
				ASSETCATALOG_COMPILER_GLOBAL_ACCENT_COLOR_NAME = AccentColor;
				CODE_SIGN_ENTITLEMENTS = macOS/macOS.entitlements;
				CODE_SIGN_STYLE = Automatic;
				COMBINE_HIDPI_IMAGES = YES;
				DEVELOPMENT_TEAM = 9JALHNGRBQ;
				ENABLE_HARDENED_RUNTIME = YES;
				ENABLE_PREVIEWS = YES;
				INFOPLIST_FILE = macOS/Info.plist;
				LD_RUNPATH_SEARCH_PATHS = (
					"$(inherited)",
					"@executable_path/../Frameworks",
				);
				MACOSX_DEPLOYMENT_TARGET = 11.0;
				PRODUCT_BUNDLE_IDENTIFIER = "org.davidjensenius.COVID-Data-Ontario";
				PRODUCT_NAME = "Ontario COVID-19 Data";
				SDKROOT = macosx;
				SWIFT_VERSION = 5.0;
			};
			name = Release;
		};
		63E4B29625A1223A0077CA3F /* Debug */ = {
			isa = XCBuildConfiguration;
			buildSettings = {
				ALWAYS_EMBED_SWIFT_STANDARD_LIBRARIES = YES;
				CODE_SIGN_STYLE = Automatic;
				DEVELOPMENT_TEAM = 9JALHNGRBQ;
				INFOPLIST_FILE = "Tests iOS/Info.plist";
				IPHONEOS_DEPLOYMENT_TARGET = 14.3;
				LD_RUNPATH_SEARCH_PATHS = (
					"$(inherited)",
					"@executable_path/Frameworks",
					"@loader_path/Frameworks",
				);
				PRODUCT_BUNDLE_IDENTIFIER = "org.davidjensenius.Tests-iOS";
				PRODUCT_NAME = "$(TARGET_NAME)";
				SDKROOT = iphoneos;
				SWIFT_VERSION = 5.0;
				TARGETED_DEVICE_FAMILY = "1,2";
				TEST_TARGET_NAME = "COVID Data Ontario (iOS)";
			};
			name = Debug;
		};
		63E4B29725A1223A0077CA3F /* Release */ = {
			isa = XCBuildConfiguration;
			buildSettings = {
				ALWAYS_EMBED_SWIFT_STANDARD_LIBRARIES = YES;
				CODE_SIGN_STYLE = Automatic;
				DEVELOPMENT_TEAM = 9JALHNGRBQ;
				INFOPLIST_FILE = "Tests iOS/Info.plist";
				IPHONEOS_DEPLOYMENT_TARGET = 14.3;
				LD_RUNPATH_SEARCH_PATHS = (
					"$(inherited)",
					"@executable_path/Frameworks",
					"@loader_path/Frameworks",
				);
				PRODUCT_BUNDLE_IDENTIFIER = "org.davidjensenius.Tests-iOS";
				PRODUCT_NAME = "$(TARGET_NAME)";
				SDKROOT = iphoneos;
				SWIFT_VERSION = 5.0;
				TARGETED_DEVICE_FAMILY = "1,2";
				TEST_TARGET_NAME = "COVID Data Ontario (iOS)";
				VALIDATE_PRODUCT = YES;
			};
			name = Release;
		};
		63E4B29925A1223A0077CA3F /* Debug */ = {
			isa = XCBuildConfiguration;
			buildSettings = {
				ALWAYS_EMBED_SWIFT_STANDARD_LIBRARIES = YES;
				CODE_SIGN_STYLE = Automatic;
				COMBINE_HIDPI_IMAGES = YES;
				DEVELOPMENT_TEAM = 9JALHNGRBQ;
				INFOPLIST_FILE = "Tests macOS/Info.plist";
				LD_RUNPATH_SEARCH_PATHS = (
					"$(inherited)",
					"@executable_path/../Frameworks",
					"@loader_path/../Frameworks",
				);
				MACOSX_DEPLOYMENT_TARGET = 11.1;
				PRODUCT_BUNDLE_IDENTIFIER = "org.davidjensenius.Tests-macOS";
				PRODUCT_NAME = "$(TARGET_NAME)";
				SDKROOT = macosx;
				SWIFT_VERSION = 5.0;
				TEST_TARGET_NAME = "COVID Data Ontario (macOS)";
			};
			name = Debug;
		};
		63E4B29A25A1223A0077CA3F /* Release */ = {
			isa = XCBuildConfiguration;
			buildSettings = {
				ALWAYS_EMBED_SWIFT_STANDARD_LIBRARIES = YES;
				CODE_SIGN_STYLE = Automatic;
				COMBINE_HIDPI_IMAGES = YES;
				DEVELOPMENT_TEAM = 9JALHNGRBQ;
				INFOPLIST_FILE = "Tests macOS/Info.plist";
				LD_RUNPATH_SEARCH_PATHS = (
					"$(inherited)",
					"@executable_path/../Frameworks",
					"@loader_path/../Frameworks",
				);
				MACOSX_DEPLOYMENT_TARGET = 11.1;
				PRODUCT_BUNDLE_IDENTIFIER = "org.davidjensenius.Tests-macOS";
				PRODUCT_NAME = "$(TARGET_NAME)";
				SDKROOT = macosx;
				SWIFT_VERSION = 5.0;
				TEST_TARGET_NAME = "COVID Data Ontario (macOS)";
			};
			name = Release;
		};
/* End XCBuildConfiguration section */

/* Begin XCConfigurationList section */
		63E4B25C25A1222B0077CA3F /* Build configuration list for PBXProject "Ontario COVID-19 Data" */ = {
			isa = XCConfigurationList;
			buildConfigurations = (
				63E4B28D25A1223A0077CA3F /* Debug */,
				63E4B28E25A1223A0077CA3F /* Release */,
			);
			defaultConfigurationIsVisible = 0;
			defaultConfigurationName = Release;
		};
		63E4B28F25A1223A0077CA3F /* Build configuration list for PBXNativeTarget "Ontario COVID-19 Data (iOS)" */ = {
			isa = XCConfigurationList;
			buildConfigurations = (
				63E4B29025A1223A0077CA3F /* Debug */,
				63E4B29125A1223A0077CA3F /* Release */,
			);
			defaultConfigurationIsVisible = 0;
			defaultConfigurationName = Release;
		};
		63E4B29225A1223A0077CA3F /* Build configuration list for PBXNativeTarget "Ontario COVID-19 Data (macOS)" */ = {
			isa = XCConfigurationList;
			buildConfigurations = (
				63E4B29325A1223A0077CA3F /* Debug */,
				63E4B29425A1223A0077CA3F /* Release */,
			);
			defaultConfigurationIsVisible = 0;
			defaultConfigurationName = Release;
		};
		63E4B29525A1223A0077CA3F /* Build configuration list for PBXNativeTarget "Tests iOS" */ = {
			isa = XCConfigurationList;
			buildConfigurations = (
				63E4B29625A1223A0077CA3F /* Debug */,
				63E4B29725A1223A0077CA3F /* Release */,
			);
			defaultConfigurationIsVisible = 0;
			defaultConfigurationName = Release;
		};
		63E4B29825A1223A0077CA3F /* Build configuration list for PBXNativeTarget "Tests macOS" */ = {
			isa = XCConfigurationList;
			buildConfigurations = (
				63E4B29925A1223A0077CA3F /* Debug */,
				63E4B29A25A1223A0077CA3F /* Release */,
			);
			defaultConfigurationIsVisible = 0;
			defaultConfigurationName = Release;
		};
/* End XCConfigurationList section */

/* Begin XCRemoteSwiftPackageReference section */
		63425BE625A282BA0002592A /* XCRemoteSwiftPackageReference "ChartView" */ = {
			isa = XCRemoteSwiftPackageReference;
			repositoryURL = "https://github.com/AppPear/ChartView";
			requirement = {
				kind = upToNextMajorVersion;
				minimumVersion = 1.5.4;
			};
		};
		63E4B2AA25A12A780077CA3F /* XCRemoteSwiftPackageReference "SwiftCSV" */ = {
			isa = XCRemoteSwiftPackageReference;
			repositoryURL = "https://github.com/swiftcsv/SwiftCSV";
			requirement = {
				kind = upToNextMajorVersion;
				minimumVersion = 0.6.0;
			};
		};
/* End XCRemoteSwiftPackageReference section */

/* Begin XCSwiftPackageProductDependency section */
		63425BE725A282BA0002592A /* SwiftUICharts */ = {
			isa = XCSwiftPackageProductDependency;
			package = 63425BE625A282BA0002592A /* XCRemoteSwiftPackageReference "ChartView" */;
			productName = SwiftUICharts;
		};
		63E4B2AB25A12A780077CA3F /* SwiftCSV */ = {
			isa = XCSwiftPackageProductDependency;
			package = 63E4B2AA25A12A780077CA3F /* XCRemoteSwiftPackageReference "SwiftCSV" */;
			productName = SwiftCSV;
		};
		63E4B2B225A134040077CA3F /* SwiftCSV */ = {
			isa = XCSwiftPackageProductDependency;
			package = 63E4B2AA25A12A780077CA3F /* XCRemoteSwiftPackageReference "SwiftCSV" */;
			productName = SwiftCSV;
		};
/* End XCSwiftPackageProductDependency section */
	};
	rootObject = 63E4B25925A1222B0077CA3F /* Project object */;
}
